Microsoft Visual Studio Solution File, Format Version 11.00
# Visual Studio 2008

Project("{707B23CA-F339-E64F-CAB8-3F3933203B07}") = "Intro - Roll a ball", "Assembly-CSharp.csproj", "{A6F30846-F90B-4CC1-234E-C666DDF51DC2}"
EndProject
Global
	GlobalSection(SolutionConfigurationPlatforms) = preSolution
		Debug|Any CPU = Debug|Any CPU
		Release|Any CPU = Release|Any CPU
	EndGlobalSection
	GlobalSection(ProjectConfigurationPlatforms) = postSolution
		{A6F30846-F90B-4CC1-234E-C666DDF51DC2}.Debug|Any CPU.ActiveCfg = Debug|Any CPU
		{A6F30846-F90B-4CC1-234E-C666DDF51DC2}.Debug|Any CPU.Build.0 = Debug|Any CPU
		{A6F30846-F90B-4CC1-234E-C666DDF51DC2}.Release|Any CPU.ActiveCfg = Release|Any CPU
		{A6F30846-F90B-4CC1-234E-C666DDF51DC2}.Release|Any CPU.Build.0 = Release|Any CPU
	EndGlobalSection
	GlobalSection(SolutionProperties) = preSolution
		HideSolutionNode = FALSE
	EndGlobalSection
	GlobalSection(MonoDevelopProperties) = preSolution
		StartupItem = Assembly-CSharp.csproj
	EndGlobalSection
EndGlobal
